
Microsoft Visual Studio Solution File, Format Version 12.00
# Visual Studio Version 17
VisualStudioVersion = 17.9.34728.123
MinimumVisualStudioVersion = 10.0.40219.1
Project("{FAE04EC0-301F-11D3-BF4B-00C04F79EFBC}") = "ArtApp.Web", "ArtApp.Web\ArtApp.Web.csproj", "{6A8ACA29-B577-44D9-BEDC-6949BC8B6C53}"
EndProject
Project("{FAE04EC0-301F-11D3-BF4B-00C04F79EFBC}") = "ArtApp.Data", "ArtApp.Data\ArtApp.Data.csproj", "{CF808EE8-D058-4B90-856B-AB77AD8AD771}"
EndProject
Global
	GlobalSection(SolutionConfigurationPlatforms) = preSolution
		Debug|Any CPU = Debug|Any CPU
		Release|Any CPU = Release|Any CPU
	EndGlobalSection
	GlobalSection(ProjectConfigurationPlatforms) = postSolution
		{6A8ACA29-B577-44D9-BEDC-6949BC8B6C53}.Debug|Any CPU.ActiveCfg = Debug|Any CPU
		{6A8ACA29-B577-44D9-BEDC-6949BC8B6C53}.Debug|Any CPU.Build.0 = Debug|Any CPU
		{6A8ACA29-B577-44D9-BEDC-6949BC8B6C53}.Release|Any CPU.ActiveCfg = Release|Any CPU
		{6A8ACA29-B577-44D9-BEDC-6949BC8B6C53}.Release|Any CPU.Build.0 = Release|Any CPU
		{CF808EE8-D058-4B90-856B-AB77AD8AD771}.Debug|Any CPU.ActiveCfg = Debug|Any CPU
		{CF808EE8-D058-4B90-856B-AB77AD8AD771}.Debug|Any CPU.Build.0 = Debug|Any CPU
		{CF808EE8-D058-4B90-856B-AB77AD8AD771}.Release|Any CPU.ActiveCfg = Release|Any CPU
		{CF808EE8-D058-4B90-856B-AB77AD8AD771}.Release|Any CPU.Build.0 = Release|Any CPU
	EndGlobalSection
	GlobalSection(SolutionProperties) = preSolution
		HideSolutionNode = FALSE
	EndGlobalSection
	GlobalSection(ExtensibilityGlobals) = postSolution
		SolutionGuid = {C0B16C3C-0BA2-4167-B215-0D2E2BC02E5B}
	EndGlobalSection
EndGlobal
